
Microsoft Visual Studio Solution File, Format Version 12.00
Project("{FAE04EC0-301F-11D3-BF4B-00C04F79EFBC}") = "YourArc", "YourArc\YourArc.csproj", "{B0FA41BB-1781-47A1-97D8-09CAF700FD5D}"
EndProject
Global
	GlobalSection(SolutionConfigurationPlatforms) = preSolution
		Debug|Any CPU = Debug|Any CPU
		Release|Any CPU = Release|Any CPU
	EndGlobalSection
	GlobalSection(ProjectConfigurationPlatforms) = postSolution
		{B0FA41BB-1781-47A1-97D8-09CAF700FD5D}.Debug|Any CPU.ActiveCfg = Debug|Any CPU
		{B0FA41BB-1781-47A1-97D8-09CAF700FD5D}.Debug|Any CPU.Build.0 = Debug|Any CPU
		{B0FA41BB-1781-47A1-97D8-09CAF700FD5D}.Release|Any CPU.ActiveCfg = Release|Any CPU
		{B0FA41BB-1781-47A1-97D8-09CAF700FD5D}.Release|Any CPU.Build.0 = Release|Any CPU
	EndGlobalSection
EndGlobal
